{
  "version": 4,
  "terraform_version": "1.15.8",
  "serial": 5,
  "lineage": "ceeda7c8-bee0-6bde-6e4b-2d4cce369b13",
  "outputs": {
    "app_repository_url": {
      "value": "992382545251.dkr.ecr.il-central-1.amazonaws.com/yinon-status-page-smoke-app",
      "type": "string"
    },
    "cluster_arn": {
      "value": "arn:aws:ecs:il-central-1:992382545251:cluster/yinon-status-page-smoke",
      "type": "string"
    },
    "nginx_repository_url": {
      "value": "992382545251.dkr.ecr.il-central-1.amazonaws.com/yinon-status-page-smoke-nginx",
      "type": "string"
    }
  },
  "resources": [
    {
      "mode": "managed",
      "type": "aws_ecr_repository",
      "name": "app",
      "provider": "provider[\"registry.terraform.io/hashicorp/aws\"]",
      "instances": [
        {
          "schema_version": 0,
          "attributes": {
            "arn": "arn:aws:ecr:il-central-1:992382545251:repository/yinon-status-page-smoke-app",
            "encryption_configuration": [
              {
                "encryption_type": "AES256",
                "kms_key": ""
              }
            ],
            "force_delete": true,
            "id": "yinon-status-page-smoke-app",
            "image_scanning_configuration": [
              {
                "scan_on_push": true
              }
            ],
            "image_tag_mutability": "IMMUTABLE",
            "name": "yinon-status-page-smoke-app",
            "registry_id": "992382545251",
            "repository_url": "992382545251.dkr.ecr.il-central-1.amazonaws.com/yinon-status-page-smoke-app",
            "tags": {
              "Environment": "smoke",
              "ManagedBy": "Terraform",
              "Owner": "yinon",
              "Project": "yinon-status-page",
              "Purpose": "temporary-idempotency-test",
              "Repository": "yinon-mitin/Status-Page"
            },
            "tags_all": {
              "Environment": "smoke",
              "ManagedBy": "Terraform",
              "Owner": "yinon",
              "Project": "yinon-status-page",
              "Purpose": "temporary-idempotency-test",
              "Repository": "yinon-mitin/Status-Page"
            },
            "timeouts": null
          },
          "sensitive_attributes": [],
          "identity_schema_version": 0,
          "private": "eyJlMmJmYjczMC1lY2FhLTExZTYtOGY4OC0zNDM2M2JjN2M0YzAiOnsiZGVsZXRlIjoxMjAwMDAwMDAwMDAwfX0="
        }
      ]
    },
    {
      "mode": "managed",
      "type": "aws_ecr_repository",
      "name": "nginx",
      "provider": "provider[\"registry.terraform.io/hashicorp/aws\"]",
      "instances": [
        {
          "schema_version": 0,
          "attributes": {
            "arn": "arn:aws:ecr:il-central-1:992382545251:repository/yinon-status-page-smoke-nginx",
            "encryption_configuration": [
              {
                "encryption_type": "AES256",
                "kms_key": ""
              }
            ],
            "force_delete": true,
            "id": "yinon-status-page-smoke-nginx",
            "image_scanning_configuration": [
              {
                "scan_on_push": true
              }
            ],
            "image_tag_mutability": "IMMUTABLE",
            "name": "yinon-status-page-smoke-nginx",
            "registry_id": "992382545251",
            "repository_url": "992382545251.dkr.ecr.il-central-1.amazonaws.com/yinon-status-page-smoke-nginx",
            "tags": {
              "Environment": "smoke",
              "ManagedBy": "Terraform",
              "Owner": "yinon",
              "Project": "yinon-status-page",
              "Purpose": "temporary-idempotency-test",
              "Repository": "yinon-mitin/Status-Page"
            },
            "tags_all": {
              "Environment": "smoke",
              "ManagedBy": "Terraform",
              "Owner": "yinon",
              "Project": "yinon-status-page",
              "Purpose": "temporary-idempotency-test",
              "Repository": "yinon-mitin/Status-Page"
            },
            "timeouts": null
          },
          "sensitive_attributes": [],
          "identity_schema_version": 0,
          "private": "eyJlMmJmYjczMC1lY2FhLTExZTYtOGY4OC0zNDM2M2JjN2M0YzAiOnsiZGVsZXRlIjoxMjAwMDAwMDAwMDAwfX0="
        }
      ]
    },
    {
      "mode": "managed",
      "type": "aws_ecs_cluster",
      "name": "this",
      "provider": "provider[\"registry.terraform.io/hashicorp/aws\"]",
      "instances": [
        {
          "schema_version": 0,
          "attributes": {
            "arn": "arn:aws:ecs:il-central-1:992382545251:cluster/yinon-status-page-smoke",
            "configuration": [],
            "id": "arn:aws:ecs:il-central-1:992382545251:cluster/yinon-status-page-smoke",
            "name": "yinon-status-page-smoke",
            "service_connect_defaults": [],
            "setting": [
              {
                "name": "containerInsights",
                "value": "enabled"
              }
            ],
            "tags": {
              "Environment": "smoke",
              "ManagedBy": "Terraform",
              "Owner": "yinon",
              "Project": "yinon-status-page",
              "Purpose": "temporary-idempotency-test",
              "Repository": "yinon-mitin/Status-Page"
            },
            "tags_all": {
              "Environment": "smoke",
              "ManagedBy": "Terraform",
              "Owner": "yinon",
              "Project": "yinon-status-page",
              "Purpose": "temporary-idempotency-test",
              "Repository": "yinon-mitin/Status-Page"
            }
          },
          "sensitive_attributes": [],
          "identity_schema_version": 0,
          "private": "bnVsbA=="
        }
      ]
    }
  ],
  "check_results": null
}
